
Microsoft Visual Studio Solution File, Format Version 12.00
# Visual Studio 15
VisualStudioVersion = 15.0.27130.2036
MinimumVisualStudioVersion = 10.0.40219.1
Project("{9A19103F-16F7-4668-BE54-9A1E7A4F7556}") = "Core.Utilities", "Core.Utilities\Core.Utilities.csproj", "{069BF929-5C5B-4547-9EB9-6A14D30A3DB4}"
EndProject
Project("{9A19103F-16F7-4668-BE54-9A1E7A4F7556}") = "CRM.Entity", "CRM.Entity\CRM.Entity.csproj", "{7E68DA71-86CE-4F7E-A710-1B97CCC0A891}"
EndProject
Project("{9A19103F-16F7-4668-BE54-9A1E7A4F7556}") = "CRM.WebApiClient", "CRM.WebApiClient\CRM.WebApiClient.csproj", "{AADE2AE9-2C82-4773-8973-D98620F91182}"
EndProject
Project("{9A19103F-16F7-4668-BE54-9A1E7A4F7556}") = "CRM.Web", "CRM.Web\CRM.Web.csproj", "{77CCA30B-146C-4473-A085-5FA601534EA9}"
EndProject
Global
	GlobalSection(SolutionConfigurationPlatforms) = preSolution
		Debug|Any CPU = Debug|Any CPU
		Release|Any CPU = Release|Any CPU
	EndGlobalSection
	GlobalSection(ProjectConfigurationPlatforms) = postSolution
		{069BF929-5C5B-4547-9EB9-6A14D30A3DB4}.Debug|Any CPU.ActiveCfg = Debug|Any CPU
		{069BF929-5C5B-4547-9EB9-6A14D30A3DB4}.Debug|Any CPU.Build.0 = Debug|Any CPU
		{069BF929-5C5B-4547-9EB9-6A14D30A3DB4}.Release|Any CPU.ActiveCfg = Release|Any CPU
		{069BF929-5C5B-4547-9EB9-6A14D30A3DB4}.Release|Any CPU.Build.0 = Release|Any CPU
		{7E68DA71-86CE-4F7E-A710-1B97CCC0A891}.Debug|Any CPU.ActiveCfg = Debug|Any CPU
		{7E68DA71-86CE-4F7E-A710-1B97CCC0A891}.Debug|Any CPU.Build.0 = Debug|Any CPU
		{7E68DA71-86CE-4F7E-A710-1B97CCC0A891}.Release|Any CPU.ActiveCfg = Release|Any CPU
		{7E68DA71-86CE-4F7E-A710-1B97CCC0A891}.Release|Any CPU.Build.0 = Release|Any CPU
		{AADE2AE9-2C82-4773-8973-D98620F91182}.Debug|Any CPU.ActiveCfg = Debug|Any CPU
		{AADE2AE9-2C82-4773-8973-D98620F91182}.Debug|Any CPU.Build.0 = Debug|Any CPU
		{AADE2AE9-2C82-4773-8973-D98620F91182}.Release|Any CPU.ActiveCfg = Release|Any CPU
		{AADE2AE9-2C82-4773-8973-D98620F91182}.Release|Any CPU.Build.0 = Release|Any CPU
		{77CCA30B-146C-4473-A085-5FA601534EA9}.Debug|Any CPU.ActiveCfg = Debug|Any CPU
		{77CCA30B-146C-4473-A085-5FA601534EA9}.Debug|Any CPU.Build.0 = Debug|Any CPU
		{77CCA30B-146C-4473-A085-5FA601534EA9}.Release|Any CPU.ActiveCfg = Release|Any CPU
		{77CCA30B-146C-4473-A085-5FA601534EA9}.Release|Any CPU.Build.0 = Release|Any CPU
	EndGlobalSection
	GlobalSection(SolutionProperties) = preSolution
		HideSolutionNode = FALSE
	EndGlobalSection
	GlobalSection(ExtensibilityGlobals) = postSolution
		SolutionGuid = {09129BC1-8EC0-4956-B7E9-61FFE6E78405}
	EndGlobalSection
	GlobalSection(TeamFoundationVersionControl) = preSolution
		SccNumberOfProjects = 5
		SccEnterpriseProvider = {4CA58AB2-18FA-4F8D-95D4-32DDF27D184C}
		SccTeamFoundationServer = https://incommunities.visualstudio.com/
		SccLocalPath0 = .
		SccProjectUniqueName1 = Core.Utilities\\Core.Utilities.csproj
		SccProjectName1 = Core.Utilities
		SccLocalPath1 = Core.Utilities
		SccProjectUniqueName2 = CRM.Entity\\CRM.Entity.csproj
		SccProjectName2 = CRM.Entity
		SccLocalPath2 = CRM.Entity
		SccProjectUniqueName3 = CRM.Web\\CRM.Web.csproj
		SccProjectName3 = CRM.Web
		SccLocalPath3 = CRM.Web
		SccProjectUniqueName4 = CRM.WebApiClient\\CRM.WebApiClient.csproj
		SccProjectName4 = CRM.WebApiClient
		SccLocalPath4 = CRM.WebApiClient
	EndGlobalSection
EndGlobal
